{
  "nodes": {
    "flake-utils": {
      "inputs": {
        "systems": "systems"
      },
      "locked": {
        "lastModified": 1710146030,
        "narHash": "sha256-SZ5L6eA7HJ/nmkzGG7/ISclqe6oZdOZTNoesiInkXPQ=",
        "owner": "numtide",
        "repo": "flake-utils",
        "rev": "b1d9ab70662946ef0850d488da1c9019f3a9752a",
        "type": "github"
      },
      "original": {
        "owner": "numtide",
        "repo": "flake-utils",
        "type": "github"
      }
    },
    "flake-utils_2": {
      "inputs": {
        "systems": "systems_2"
      },
      "locked": {
        "lastModified": 1710146030,
        "narHash": "sha256-SZ5L6eA7HJ/nmkzGG7/ISclqe6oZdOZTNoesiInkXPQ=",
        "owner": "numtide",
        "repo": "flake-utils",
        "rev": "b1d9ab70662946ef0850d488da1c9019f3a9752a",
        "type": "github"
      },
      "original": {
        "owner": "numtide",
        "repo": "flake-utils",
        "type": "github"
      }
    },
    "nixpkgs": {
      "locked": {
        "lastModified": 1722869614,
        "narHash": "sha256-7ojM1KSk3mzutD7SkrdSflHXEujPvW1u7QuqWoTLXQU=",
        "owner": "NixOS",
        "repo": "nixpkgs",
        "rev": "883180e6550c1723395a3a342f830bfc5c371f6b",
        "type": "github"
      },
      "original": {
        "owner": "NixOS",
        "ref": "nixos-24.05",
        "repo": "nixpkgs",
        "type": "github"
      }
    },
    "nixpkgs-cross-overlay": {
      "inputs": {
        "flake-utils": "flake-utils_2",
        "nixpkgs": [
          "nixpkgs"
        ],
        "rust-overlay": "rust-overlay",
        "treefmt-nix": "treefmt-nix"
      },
      "locked": {
        "lastModified": 1719911492,
        "narHash": "sha256-5WcqDkZIz0dmPfYJj+HigiF0MhlnWFkV5Xke+X0x9bs=",
        "owner": "alekseysidorov",
        "repo": "nixpkgs-cross-overlay",
        "rev": "14dc3672cfe07abe20808d2d0404cc061dec79e0",
        "type": "github"
      },
      "original": {
        "owner": "alekseysidorov",
        "repo": "nixpkgs-cross-overlay",
        "type": "github"
      }
    },
    "nixpkgs_2": {
      "locked": {
        "lastModified": 1720957393,
        "narHash": "sha256-oedh2RwpjEa+TNxhg5Je9Ch6d3W1NKi7DbRO1ziHemA=",
        "owner": "nixos",
        "repo": "nixpkgs",
        "rev": "693bc46d169f5af9c992095736e82c3488bf7dbb",
        "type": "github"
      },
      "original": {
        "owner": "nixos",
        "ref": "nixos-unstable",
        "repo": "nixpkgs",
        "type": "github"
      }
    },
    "root": {
      "inputs": {
        "flake-utils": "flake-utils",
        "nixpkgs": "nixpkgs",
        "nixpkgs-cross-overlay": "nixpkgs-cross-overlay",
        "treefmt-nix": "treefmt-nix_2"
      }
    },
    "rust-overlay": {
      "inputs": {
        "nixpkgs": [
          "nixpkgs-cross-overlay",
          "nixpkgs"
        ]
      },
      "locked": {
        "lastModified": 1719368303,
        "narHash": "sha256-vhkKOUs9eOZgcPrA6wMw7a7J48pEjVuhzQfitVwVv1g=",
        "owner": "oxalica",
        "repo": "rust-overlay",
        "rev": "32415b22fd3b454e4a1385af64aa5cef9766ff4c",
        "type": "github"
      },
      "original": {
        "owner": "oxalica",
        "repo": "rust-overlay",
        "type": "github"
      }
    },
    "systems": {
      "locked": {
        "lastModified": 1681028828,
        "narHash": "sha256-Vy1rq5AaRuLzOxct8nz4T6wlgyUR7zLU309k9mBC768=",
        "owner": "nix-systems",
        "repo": "default",
        "rev": "da67096a3b9bf56a91d16901293e51ba5b49a27e",
        "type": "github"
      },
      "original": {
        "owner": "nix-systems",
        "repo": "default",
        "type": "github"
      }
    },
    "systems_2": {
      "locked": {
        "lastModified": 1681028828,
        "narHash": "sha256-Vy1rq5AaRuLzOxct8nz4T6wlgyUR7zLU309k9mBC768=",
        "owner": "nix-systems",
        "repo": "default",
        "rev": "da67096a3b9bf56a91d16901293e51ba5b49a27e",
        "type": "github"
      },
      "original": {
        "owner": "nix-systems",
        "repo": "default",
        "type": "github"
      }
    },
    "treefmt-nix": {
      "inputs": {
        "nixpkgs": [
          "nixpkgs-cross-overlay",
          "nixpkgs"
        ]
      },
      "locked": {
        "lastModified": 1719243788,
        "narHash": "sha256-9T9mSY35EZSM1KAwb7K9zwQ78qTlLjosZgtUGnw4rn4=",
        "owner": "numtide",
        "repo": "treefmt-nix",
        "rev": "065a23edceff48f948816b795ea8cc6c0dee7cdf",
        "type": "github"
      },
      "original": {
        "owner": "numtide",
        "repo": "treefmt-nix",
        "type": "github"
      }
    },
    "treefmt-nix_2": {
      "inputs": {
        "nixpkgs": "nixpkgs_2"
      },
      "locked": {
        "lastModified": 1722330636,
        "narHash": "sha256-uru7JzOa33YlSRwf9sfXpJG+UAV+bnBEYMjrzKrQZFw=",
        "owner": "numtide",
        "repo": "treefmt-nix",
        "rev": "768acdb06968e53aa1ee8de207fd955335c754b7",
        "type": "github"
      },
      "original": {
        "owner": "numtide",
        "repo": "treefmt-nix",
        "type": "github"
      }
    }
  },
  "root": "root",
  "version": 7
}
